
Microsoft Visual Studio Solution File, Format Version 12.00
# Visual Studio Version 17
VisualStudioVersion = 17.9.34622.214
MinimumVisualStudioVersion = 10.0.40219.1
Project("{9A19103F-16F7-4668-BE54-9A1E7A4F7556}") = "APICatalogo", "APICatalogo\APICatalogo.csproj", "{61903535-7857-4B5E-BAC5-1878340E5E9C}"
	ProjectSection(ProjectDependencies) = postProject
		{2AC5A97F-414F-432B-99C0-6D972D61402E} = {2AC5A97F-414F-432B-99C0-6D972D61402E}
		{415A1C21-F2BB-4E0E-871E-2E8B04CF3365} = {415A1C21-F2BB-4E0E-871E-2E8B04CF3365}
		{F473136C-C1ED-43A2-89CD-0CF6CBB86E42} = {F473136C-C1ED-43A2-89CD-0CF6CBB86E42}
	EndProjectSection
EndProject
Project("{9A19103F-16F7-4668-BE54-9A1E7A4F7556}") = "APICatalogo.Domain", "ApiCatalogo.Domain\APICatalogo.Domain.csproj", "{2AC5A97F-414F-432B-99C0-6D972D61402E}"
EndProject
Project("{9A19103F-16F7-4668-BE54-9A1E7A4F7556}") = "APICatalogo.Infrastructure", "APICatalogo.Infrastructure\APICatalogo.Infrastructure.csproj", "{F473136C-C1ED-43A2-89CD-0CF6CBB86E42}"
	ProjectSection(ProjectDependencies) = postProject
		{2AC5A97F-414F-432B-99C0-6D972D61402E} = {2AC5A97F-414F-432B-99C0-6D972D61402E}
		{415A1C21-F2BB-4E0E-871E-2E8B04CF3365} = {415A1C21-F2BB-4E0E-871E-2E8B04CF3365}
	EndProjectSection
EndProject
Project("{9A19103F-16F7-4668-BE54-9A1E7A4F7556}") = "APICatalogo.Application", "APICatalogo.Application\APICatalogo.Application.csproj", "{415A1C21-F2BB-4E0E-871E-2E8B04CF3365}"
	ProjectSection(ProjectDependencies) = postProject
		{2AC5A97F-414F-432B-99C0-6D972D61402E} = {2AC5A97F-414F-432B-99C0-6D972D61402E}
	EndProjectSection
EndProject
Global
	GlobalSection(SolutionConfigurationPlatforms) = preSolution
		Debug|Any CPU = Debug|Any CPU
		Release|Any CPU = Release|Any CPU
	EndGlobalSection
	GlobalSection(ProjectConfigurationPlatforms) = postSolution
		{61903535-7857-4B5E-BAC5-1878340E5E9C}.Debug|Any CPU.ActiveCfg = Debug|Any CPU
		{61903535-7857-4B5E-BAC5-1878340E5E9C}.Debug|Any CPU.Build.0 = Debug|Any CPU
		{61903535-7857-4B5E-BAC5-1878340E5E9C}.Release|Any CPU.ActiveCfg = Release|Any CPU
		{61903535-7857-4B5E-BAC5-1878340E5E9C}.Release|Any CPU.Build.0 = Release|Any CPU
		{2AC5A97F-414F-432B-99C0-6D972D61402E}.Debug|Any CPU.ActiveCfg = Debug|Any CPU
		{2AC5A97F-414F-432B-99C0-6D972D61402E}.Debug|Any CPU.Build.0 = Debug|Any CPU
		{2AC5A97F-414F-432B-99C0-6D972D61402E}.Release|Any CPU.ActiveCfg = Release|Any CPU
		{2AC5A97F-414F-432B-99C0-6D972D61402E}.Release|Any CPU.Build.0 = Release|Any CPU
		{F473136C-C1ED-43A2-89CD-0CF6CBB86E42}.Debug|Any CPU.ActiveCfg = Debug|Any CPU
		{F473136C-C1ED-43A2-89CD-0CF6CBB86E42}.Debug|Any CPU.Build.0 = Debug|Any CPU
		{F473136C-C1ED-43A2-89CD-0CF6CBB86E42}.Release|Any CPU.ActiveCfg = Release|Any CPU
		{F473136C-C1ED-43A2-89CD-0CF6CBB86E42}.Release|Any CPU.Build.0 = Release|Any CPU
		{415A1C21-F2BB-4E0E-871E-2E8B04CF3365}.Debug|Any CPU.ActiveCfg = Debug|Any CPU
		{415A1C21-F2BB-4E0E-871E-2E8B04CF3365}.Debug|Any CPU.Build.0 = Debug|Any CPU
		{415A1C21-F2BB-4E0E-871E-2E8B04CF3365}.Release|Any CPU.ActiveCfg = Release|Any CPU
		{415A1C21-F2BB-4E0E-871E-2E8B04CF3365}.Release|Any CPU.Build.0 = Release|Any CPU
	EndGlobalSection
	GlobalSection(SolutionProperties) = preSolution
		HideSolutionNode = FALSE
	EndGlobalSection
	GlobalSection(ExtensibilityGlobals) = postSolution
		SolutionGuid = {AD92706A-4FC0-4C49-A41F-6A19D9FA3F26}
	EndGlobalSection
EndGlobal
